{
    "_meta": {
        "hash": {
            "sha256": "8bdb594b4077686d2c00bed15caa0bc66e32b70ea4a0682c1b9af164b5cf3f9f"
        },
        "pipfile-spec": 6,
        "requires": {
            "python_version": "3.12"
        },
        "sources": [
            {
                "name": "pypi",
                "url": "https://pypi.org/simple",
                "verify_ssl": true
            }
        ]
    },
    "default": {
        "astroid": {
            "hashes": [
                "sha256:951798f922990137ac090c53af473db7ab4e70c770e6d7fae0cec59f74411819",
                "sha256:ac248253bfa4bd924a0de213707e7ebeeb3138abeb48d798784ead1e56d419d4"
            ],
            "markers": "python_full_version >= '3.8.0'",
            "version": "==3.1.0"
        },
        "black": {
            "hashes": [
                "sha256:257d724c2c9b1660f353b36c802ccece186a30accc7742c176d29c146df6e474",
                "sha256:37aae07b029fa0174d39daf02748b379399b909652a806e5708199bd93899da1",
                "sha256:415e686e87dbbe6f4cd5ef0fbf764af7b89f9057b97c908742b6008cc554b9c0",
                "sha256:48a85f2cb5e6799a9ef05347b476cce6c182d6c71ee36925a6c194d074336ef8",
                "sha256:7768a0dbf16a39aa5e9a3ded568bb545c8c2727396d063bbaf847df05b08cd96",
                "sha256:7e122b1c4fb252fd85df3ca93578732b4749d9be076593076ef4d07a0233c3e1",
                "sha256:88c57dc656038f1ab9f92b3eb5335ee9b021412feaa46330d5eba4e51fe49b04",
                "sha256:8e537d281831ad0e71007dcdcbe50a71470b978c453fa41ce77186bbe0ed6021",
                "sha256:98e123f1d5cfd42f886624d84464f7756f60ff6eab89ae845210631714f6db94",
                "sha256:accf49e151c8ed2c0cdc528691838afd217c50412534e876a19270fea1e28e2d",
                "sha256:b1530ae42e9d6d5b670a34db49a94115a64596bc77710b1d05e9801e62ca0a7c",
                "sha256:b9176b9832e84308818a99a561e90aa479e73c523b3f77afd07913380ae2eab7",
                "sha256:bdde6f877a18f24844e381d45e9947a49e97933573ac9d4345399be37621e26c",
                "sha256:be8bef99eb46d5021bf053114442914baeb3649a89dc5f3a555c88737e5e98fc",
                "sha256:bf10f7310db693bb62692609b397e8d67257c55f949abde4c67f9cc574492cc7",
                "sha256:c872b53057f000085da66a19c55d68f6f8ddcac2642392ad3a355878406fbd4d",
                "sha256:d36ed1124bb81b32f8614555b34cc4259c3fbc7eec17870e8ff8ded335b58d8c",
                "sha256:da33a1a5e49c4122ccdfd56cd021ff1ebc4a1ec4e2d01594fef9b6f267a9e741",
                "sha256:dd1b5a14e417189db4c7b64a6540f31730713d173f0b63e55fabd52d61d8fdce",
                "sha256:e151054aa00bad1f4e1f04919542885f89f5f7d086b8a59e5000e6c616896ffb",
                "sha256:eaea3008c281f1038edb473c1aa8ed8143a5535ff18f978a318f10302b254063",
                "sha256:ef703f83fc32e131e9bcc0a5094cfe85599e7109f896fe8bc96cc402f3eb4b6e"
            ],
            "index": "pypi",
            "markers": "python_version >= '3.8'",
            "version": "==24.4.2"
        },
        "click": {
            "hashes": [
                "sha256:ae74fb96c20a0277a1d615f1e4d73c8414f5a98db8b799a7931d1582f3390c28",
                "sha256:ca9853ad459e787e2192211578cc907e7594e294c7ccc834310722b41b9ca6de"
            ],
            "markers": "python_version >= '3.7'",
            "version": "==8.1.7"
        },
        "colorama": {
            "hashes": [
                "sha256:08695f5cb7ed6e0531a20572697297273c47b8cae5a63ffc6d6ed5c201be6e44",
                "sha256:4f1d9991f5acc0ca119f9d443620b77f9d6b33703e51011c16baf57afb285fc6"
            ],
            "markers": "sys_platform == 'win32'",
            "version": "==0.4.6"
        },
        "dill": {
            "hashes": [
                "sha256:3ebe3c479ad625c4553aca177444d89b486b1d84982eeacded644afc0cf797ca",
                "sha256:c36ca9ffb54365bdd2f8eb3eff7d2a21237f8452b57ace88b1ac615b7e815bd7"
            ],
            "markers": "python_version >= '3.11'",
            "version": "==0.3.8"
        },
        "iniconfig": {
            "hashes": [
                "sha256:2d91e135bf72d31a410b17c16da610a82cb55f6b0477d1a902134b24a455b8b3",
                "sha256:b6a85871a79d2e3b22d2d1b94ac2824226a63c6b741c88f7ae975f18b6778374"
            ],
            "markers": "python_version >= '3.7'",
            "version": "==2.0.0"
        },
        "isort": {
            "hashes": [
                "sha256:48fdfcb9face5d58a4f6dde2e72a1fb8dcaf8ab26f95ab49fab84c2ddefb0109",
                "sha256:8ca5e72a8d85860d5a3fa69b8745237f2939afe12dbf656afbcb47fe72d947a6"
            ],
            "markers": "python_full_version >= '3.8.0'",
            "version": "==5.13.2"
        },
        "mccabe": {
            "hashes": [
                "sha256:348e0240c33b60bbdf4e523192ef919f28cb2c3d7d5c7794f74009290f236325",
                "sha256:6c2d30ab6be0e4a46919781807b4f0d834ebdd6c6e3dca0bda5a15f863427b6e"
            ],
            "markers": "python_version >= '3.6'",
            "version": "==0.7.0"
        },
        "mypy-extensions": {
            "hashes": [
                "sha256:4392f6c0eb8a5668a69e23d168ffa70f0be9ccfd32b5cc2d26a34ae5b844552d",
                "sha256:75dbf8955dc00442a438fc4d0666508a9a97b6bd41aa2f0ffe9d2f2725af0782"
            ],
            "markers": "python_version >= '3.5'",
            "version": "==1.0.0"
        },
        "packaging": {
            "hashes": [
                "sha256:2ddfb553fdf02fb784c234c7ba6ccc288296ceabec964ad2eae3777778130bc5",
                "sha256:eb82c5e3e56209074766e6885bb04b8c38a0c015d0a30036ebe7ece34c9989e9"
            ],
            "markers": "python_version >= '3.7'",
            "version": "==24.0"
        },
        "pathspec": {
            "hashes": [
                "sha256:a0d503e138a4c123b27490a4f7beda6a01c6f288df0e4a8b79c7eb0dc7b4cc08",
                "sha256:a482d51503a1ab33b1c67a6c3813a26953dbdc71c31dacaef9a838c4e29f5712"
            ],
            "markers": "python_version >= '3.8'",
            "version": "==0.12.1"
        },
        "pillow": {
            "hashes": [
                "sha256:048ad577748b9fa4a99a0548c64f2cb8d672d5bf2e643a739ac8faff1164238c",
                "sha256:048eeade4c33fdf7e08da40ef402e748df113fd0b4584e32c4af74fe78baaeb2",
                "sha256:0ba26351b137ca4e0db0342d5d00d2e355eb29372c05afd544ebf47c0956ffeb",
                "sha256:0ea2a783a2bdf2a561808fe4a7a12e9aa3799b701ba305de596bc48b8bdfce9d",
                "sha256:1530e8f3a4b965eb6a7785cf17a426c779333eb62c9a7d1bbcf3ffd5bf77a4aa",
                "sha256:16563993329b79513f59142a6b02055e10514c1a8e86dca8b48a893e33cf91e3",
                "sha256:19aeb96d43902f0a783946a0a87dbdad5c84c936025b8419da0a0cd7724356b1",
                "sha256:1a1d1915db1a4fdb2754b9de292642a39a7fb28f1736699527bb649484fb966a",
                "sha256:1b87bd9d81d179bd8ab871603bd80d8645729939f90b71e62914e816a76fc6bd",
                "sha256:1dfc94946bc60ea375cc39cff0b8da6c7e5f8fcdc1d946beb8da5c216156ddd8",
                "sha256:2034f6759a722da3a3dbd91a81148cf884e91d1b747992ca288ab88c1de15999",
                "sha256:261ddb7ca91fcf71757979534fb4c128448b5b4c55cb6152d280312062f69599",
                "sha256:2ed854e716a89b1afcedea551cd85f2eb2a807613752ab997b9974aaa0d56936",
                "sha256:3102045a10945173d38336f6e71a8dc71bcaeed55c3123ad4af82c52807b9375",
                "sha256:339894035d0ede518b16073bdc2feef4c991ee991a29774b33e515f1d308e08d",
                "sha256:412444afb8c4c7a6cc11a47dade32982439925537e483be7c0ae0cf96c4f6a0b",
                "sha256:4203efca580f0dd6f882ca211f923168548f7ba334c189e9eab1178ab840bf60",
                "sha256:45ebc7b45406febf07fef35d856f0293a92e7417ae7933207e90bf9090b70572",
                "sha256:4b5ec25d8b17217d635f8935dbc1b9aa5907962fae29dff220f2659487891cd3",
                "sha256:4c8e73e99da7db1b4cad7f8d682cf6abad7844da39834c288fbfa394a47bbced",
                "sha256:4e6f7d1c414191c1199f8996d3f2282b9ebea0945693fb67392c75a3a320941f",
                "sha256:4eaa22f0d22b1a7e93ff0a596d57fdede2e550aecffb5a1ef1106aaece48e96b",
                "sha256:50b8eae8f7334ec826d6eeffaeeb00e36b5e24aa0b9df322c247539714c6df19",
                "sha256:50fd3f6b26e3441ae07b7c979309638b72abc1a25da31a81a7fbd9495713ef4f",
                "sha256:51243f1ed5161b9945011a7360e997729776f6e5d7005ba0c6879267d4c5139d",
                "sha256:5d512aafa1d32efa014fa041d38868fda85028e3f930a96f85d49c7d8ddc0383",
                "sha256:5f77cf66e96ae734717d341c145c5949c63180842a545c47a0ce7ae52ca83795",
                "sha256:6b02471b72526ab8a18c39cb7967b72d194ec53c1fd0a70b050565a0f366d355",
                "sha256:6fb1b30043271ec92dc65f6d9f0b7a830c210b8a96423074b15c7bc999975f57",
                "sha256:7161ec49ef0800947dc5570f86568a7bb36fa97dd09e9827dc02b718c5643f09",
                "sha256:72d622d262e463dfb7595202d229f5f3ab4b852289a1cd09650362db23b9eb0b",
                "sha256:74d28c17412d9caa1066f7a31df8403ec23d5268ba46cd0ad2c50fb82ae40462",
                "sha256:78618cdbccaa74d3f88d0ad6cb8ac3007f1a6fa5c6f19af64b55ca170bfa1edf",
                "sha256:793b4e24db2e8742ca6423d3fde8396db336698c55cd34b660663ee9e45ed37f",
                "sha256:798232c92e7665fe82ac085f9d8e8ca98826f8e27859d9a96b41d519ecd2e49a",
                "sha256:81d09caa7b27ef4e61cb7d8fbf1714f5aec1c6b6c5270ee53504981e6e9121ad",
                "sha256:8ab74c06ffdab957d7670c2a5a6e1a70181cd10b727cd788c4dd9005b6a8acd9",
                "sha256:8eb0908e954d093b02a543dc963984d6e99ad2b5e36503d8a0aaf040505f747d",
                "sha256:90b9e29824800e90c84e4022dd5cc16eb2d9605ee13f05d47641eb183cd73d45",
                "sha256:9797a6c8fe16f25749b371c02e2ade0efb51155e767a971c61734b1bf6293994",
                "sha256:9d2455fbf44c914840c793e89aa82d0e1763a14253a000743719ae5946814b2d",
                "sha256:9d3bea1c75f8c53ee4d505c3e67d8c158ad4df0d83170605b50b64025917f338",
                "sha256:9e2ec1e921fd07c7cda7962bad283acc2f2a9ccc1b971ee4b216b75fad6f0463",
                "sha256:9e91179a242bbc99be65e139e30690e081fe6cb91a8e77faf4c409653de39451",
                "sha256:a0eaa93d054751ee9964afa21c06247779b90440ca41d184aeb5d410f20ff591",
                "sha256:a2c405445c79c3f5a124573a051062300936b0281fee57637e706453e452746c",
                "sha256:aa7e402ce11f0885305bfb6afb3434b3cd8f53b563ac065452d9d5654c7b86fd",
                "sha256:aff76a55a8aa8364d25400a210a65ff59d0168e0b4285ba6bf2bd83cf675ba32",
                "sha256:b09b86b27a064c9624d0a6c54da01c1beaf5b6cadfa609cf63789b1d08a797b9",
                "sha256:b14f16f94cbc61215115b9b1236f9c18403c15dd3c52cf629072afa9d54c1cbf",
                "sha256:b50811d664d392f02f7761621303eba9d1b056fb1868c8cdf4231279645c25f5",
                "sha256:b7bc2176354defba3edc2b9a777744462da2f8e921fbaf61e52acb95bafa9828",
                "sha256:c78e1b00a87ce43bb37642c0812315b411e856a905d58d597750eb79802aaaa3",
                "sha256:c83341b89884e2b2e55886e8fbbf37c3fa5efd6c8907124aeb72f285ae5696e5",
                "sha256:ca2870d5d10d8726a27396d3ca4cf7976cec0f3cb706debe88e3a5bd4610f7d2",
                "sha256:ccce24b7ad89adb5a1e34a6ba96ac2530046763912806ad4c247356a8f33a67b",
                "sha256:cd5e14fbf22a87321b24c88669aad3a51ec052eb145315b3da3b7e3cc105b9a2",
                "sha256:ce49c67f4ea0609933d01c0731b34b8695a7a748d6c8d186f95e7d085d2fe475",
                "sha256:d33891be6df59d93df4d846640f0e46f1a807339f09e79a8040bc887bdcd7ed3",
                "sha256:d3b2348a78bc939b4fed6552abfd2e7988e0f81443ef3911a4b8498ca084f6eb",
                "sha256:d886f5d353333b4771d21267c7ecc75b710f1a73d72d03ca06df49b09015a9ef",
                "sha256:d93480005693d247f8346bc8ee28c72a2191bdf1f6b5db469c096c0c867ac015",
                "sha256:dc1a390a82755a8c26c9964d457d4c9cbec5405896cba94cf51f36ea0d855002",
                "sha256:dd78700f5788ae180b5ee8902c6aea5a5726bac7c364b202b4b3e3ba2d293170",
                "sha256:e46f38133e5a060d46bd630faa4d9fa0202377495df1f068a8299fd78c84de84",
                "sha256:e4b878386c4bf293578b48fc570b84ecfe477d3b77ba39a6e87150af77f40c57",
                "sha256:f0d0591a0aeaefdaf9a5e545e7485f89910c977087e7de2b6c388aec32011e9f",
                "sha256:fdcbb4068117dfd9ce0138d068ac512843c52295ed996ae6dd1faf537b6dbc27",
                "sha256:ff61bfd9253c3915e6d41c651d5f962da23eda633cf02262990094a18a55371a"
            ],
            "index": "pypi",
            "markers": "python_version >= '3.8'",
            "version": "==10.3.0"
        },
        "pillow-heif": {
            "hashes": [
                "sha256:0075adeb324adb07ddbfbe8a5c79ed12e5d04e60e9a642ff9427e71b5b0adccd",
                "sha256:078bc74fd767625e465b2c107228f9c398b9a128bdf81b3f18812d7c07be660f",
                "sha256:1421d96aebdc9f5773213c8221ce547efb56e37a62da6698312edd4f281efb42",
                "sha256:17963a73186961fe7792aef01c46e980635f3fcc1836393de39ec9c6776ca51e",
                "sha256:1f4293ecbb81d255d8d887dce4708a58e87c86e53c6f1b1affc4c3105e1bcb8c",
                "sha256:241cf6c510215c6df0ee948dfed06a20c099475250c5c6cac5e7a1ef9e0ec4c3",
                "sha256:2673048f3cf1498327add70f16e1129be2a09cf4a31cbc02363f5760eb5ba955",
                "sha256:28c980bf8d5239ee87986c9217a5954b07993d71d391949a9feafad0a9c5e9a7",
                "sha256:2b7450303f08ec81d1a63a75052863bb687fc3be1fdd8a34d2c0fef627aacae5",
                "sha256:331579ce4f5fa079595c529b06810886ff76f8ade3eb411a1c9c90853a708022",
                "sha256:33e0b1549bcdfec363b3ba6fb55b3de882e1409b5b00f5a68a1a027f051e8ef2",
                "sha256:3501f22985cbb427c76febf07a7e309cb828e485c0cf250a625733fc06fc1815",
                "sha256:38fa2854ec7dbe6c875d64cc5b3cf5cc55f1c8a0248dc1c7c34e9d2505521b82",
                "sha256:3a2681d4b62418813289987a9420059d724cd93542d0b05e0928fe4578517714",
                "sha256:3f062c1be6f04804ffdf0bc452142eff38d7544c8655c04291d16e3b996e4dc4",
                "sha256:40014105688478d6ca146fc04bff6c13f445d01bdea79417b34ee50c1e559190",
                "sha256:4b6caa5b13b4dfc180507527254014530f6bedbeabc1de2238918bf5b2700c7e",
                "sha256:4d95004bb77aa640f80617716aa21bc092ec06307f6f2ad423deeeda07b4d29c",
                "sha256:502cebc90c11a6bffa2ea899088999c25fc99c8f322e047a266e541e3046b27c",
                "sha256:5c7f7a94fc2d08ddcf55a6834c4c55b7dea9605656c565ce11c82e3f6e0454a8",
                "sha256:7794c1a8304eeb841d72cb73aa64cc60c9e5dccb2c7612f8caf528505f78581f",
                "sha256:792e5d88b7d016fe48ae2fd77a852ec8dcf9a7fad1f7f191d35bc173896fe378",
                "sha256:7e424d6a34b9466d054706393e76b5abdd84fabdc0c72b19ca10435a76140de7",
                "sha256:7ef47297d526147923f4ecc7ff681a5d5f4e6e3300017681f59968652a0d8afb",
                "sha256:7fabd6534a38078a66ce8b7a5ae8ad37afd9863c930abd3031fb553f1ab4f01a",
                "sha256:88ff22d2b162e7edd9cb9dd98de81455be04c40a99d1d3d3ebe1602b1a21c453",
                "sha256:89ec30420ddc843c43916febbe31697552ed123396a1696715eea75169866c07",
                "sha256:8e168d45b2ce63c1fe2334fd02927699b0097de72605f7571948010fd79e58f0",
                "sha256:8f15dc73ced02a0ccfac93159d12deeaecfbe4335883a1a3309df0f01c26e6e6",
                "sha256:9273af7224e0fb16c18637184a8ea9a8790105658daab04ad541982b8623e5c1",
                "sha256:9923dfcc97ae9484d3514f2f6ec368e2ac97cd66f7b95359cc1b0ec0c1cd6157",
                "sha256:9bf10a1686c2d51f4db8ebb78825f96f28d18d1878599e1c64e88cfbdb70a3d2",
                "sha256:9fd829c257a763e3a2e8418a773c2808c90799ee3e6b405b5399cb4fdfbe336e",
                "sha256:a146be0c8e7bef204eeaa14799b2fca8a4a52ad972850975e23ef10cee4e7de7",
                "sha256:a27abb523a07b17c118c09f1a00f92cde2295f8e997600024d4b57df3c5ba818",
                "sha256:a8856cf5f0d53f83d814ae5c8d34433e5e5ad9f3e328480257cd6e9fbdb4a458",
                "sha256:b50160331754b603524e6ed33c386f478fd66fb345fa6433a507a01c8de642c6",
                "sha256:bbd9cc527bbd53c3e7588e16aad170e11cfd180b7e9bd84f18fb020ddec11408",
                "sha256:be41b7fadd4a9355d24936f6fad83bb8130fe55ba228ec298ad316392bb6f38b",
                "sha256:beb6576cbe5a9404a8f2ad9ec68f6b0c406e5e9f5d5573722dc3244898dc9866",
                "sha256:c2ad68e3e4be40adfc5290bf6daa1569dd7d18501e17779d217ce5cd8c1e338d",
                "sha256:c7db96ac172e2654676986e8c35fa32bffdd5b429a8c86b9d628c0333c570d82",
                "sha256:d4595ec975db845d84ab90cbf0678f15b0068b8b83c01d1db7ea524e31bab4b4",
                "sha256:d9e465d92cf01093e3e4c33776af97368add23ac1c8d0007f34b8d3e3390d6ad",
                "sha256:e0492e4fd6d3334b9eed3651058216ef62f04afa099cfc6b05815c1bf0da2c38",
                "sha256:e5edd98192f74e4c7cffdd62953b2987e2b1e0d6a55d5c940306bed71f40206a",
                "sha256:f613dfd05fd62a8b7b57649bfa5db1501be41e18b5e15dd4a2fc12d3e3ddfdaa",
                "sha256:f63a1d8f95811569df5df9b6b11674038929c2f696221f2a393aee5ac1e535b4",
                "sha256:fb3efbe8efd26203589794988b11ea9bf3dea2d3bcf218e658f779d526dfcf80",
                "sha256:fba5c46f84031f1186bdea2a0c95f82958f8c29321200e73d7ac5e79ee460c83",
                "sha256:fea4410ce02e295079db5b2617579ba016671d334ac1888a1d4b34aedb56b866"
            ],
            "index": "pypi",
            "markers": "python_version >= '3.8'",
            "version": "==0.16.0"
        },
        "platformdirs": {
            "hashes": [
                "sha256:031cd18d4ec63ec53e82dceaac0417d218a6863f7745dfcc9efe7793b7039bdf",
                "sha256:17d5a1161b3fd67b390023cb2d3b026bbd40abde6fdb052dfbd3a29c3ba22ee1"
            ],
            "markers": "python_version >= '3.8'",
            "version": "==4.2.1"
        },
        "pluggy": {
            "hashes": [
                "sha256:2cffa88e94fdc978c4c574f15f9e59b7f4201d439195c3715ca9e2486f1d0cf1",
                "sha256:44e1ad92c8ca002de6377e165f3e0f1be63266ab4d554740532335b9d75ea669"
            ],
            "markers": "python_version >= '3.8'",
            "version": "==1.5.0"
        },
        "pylint": {
            "hashes": [
                "sha256:507a5b60953874766d8a366e8e8c7af63e058b26345cfcb5f91f89d987fd6b74",
                "sha256:6a69beb4a6f63debebaab0a3477ecd0f559aa726af4954fc948c51f7a2549e23"
            ],
            "index": "pypi",
            "markers": "python_full_version >= '3.8.0'",
            "version": "==3.1.0"
        },
        "pytest": {
            "hashes": [
                "sha256:1733f0620f6cda4095bbf0d9ff8022486e91892245bb9e7d5542c018f612f233",
                "sha256:d507d4482197eac0ba2bae2e9babf0672eb333017bcedaa5fb1a3d42c1174b3f"
            ],
            "index": "pypi",
            "markers": "python_version >= '3.8'",
            "version": "==8.2.0"
        },
        "tomlkit": {
            "hashes": [
                "sha256:5cd82d48a3dd89dee1f9d64420aa20ae65cfbd00668d6f094d7578a78efbb77b",
                "sha256:7ca1cfc12232806517a8515047ba66a19369e71edf2439d0f5824f91032b6cc3"
            ],
            "markers": "python_version >= '3.7'",
            "version": "==0.12.4"
        }
    },
    "develop": {}
}
